// !$*UTF8*$!
{
	archiveVersion = 1;
	classes = {
	};
	objectVersion = 46;
	objects = {

/* Begin PBXBuildFile section */
		3866F6311CD4E65800D87076 /* AppDelegate.swift in Sources */ = {isa = PBXBuildFile; fileRef = 3866F6301CD4E65800D87076 /* AppDelegate.swift */; };
		3866F6331CD4E65800D87076 /* ViewController.swift in Sources */ = {isa = PBXBuildFile; fileRef = 3866F6321CD4E65800D87076 /* ViewController.swift */; };
		3866F6381CD4E65800D87076 /* Assets.xcassets in Resources */ = {isa = PBXBuildFile; fileRef = 3866F6371CD4E65800D87076 /* Assets.xcassets */; };
		3866F63B1CD4E65800D87076 /* LaunchScreen.storyboard in Resources */ = {isa = PBXBuildFile; fileRef = 3866F6391CD4E65800D87076 /* LaunchScreen.storyboard */; };
		3866F6461CD4E65800D87076 /* MZReaderTests.swift in Sources */ = {isa = PBXBuildFile; fileRef = 3866F6451CD4E65800D87076 /* MZReaderTests.swift */; };
		3866F6511CD4E65800D87076 /* MZReaderUITests.swift in Sources */ = {isa = PBXBuildFile; fileRef = 3866F6501CD4E65800D87076 /* MZReaderUITests.swift */; };
		3866F6791CD514A600D87076 /* Item.swift in Sources */ = {isa = PBXBuildFile; fileRef = 3866F6781CD514A600D87076 /* Item.swift */; };
		389C11A41CEFDC8200CB6164 /* WebViewController.swift in Sources */ = {isa = PBXBuildFile; fileRef = 389C11A31CEFDC8200CB6164 /* WebViewController.swift */; };
		389C11A51CEFEE3C00CB6164 /* Main.storyboard in Resources */ = {isa = PBXBuildFile; fileRef = 3866F6341CD4E65800D87076 /* Main.storyboard */; };
		389F81BC2046A06B00306DF4 /* Foundation.framework in Frameworks */ = {isa = PBXBuildFile; fileRef = 389F81BB2046A06B00306DF4 /* Foundation.framework */; };
		389F81C420479CE400306DF4 /* GoogleService-Info.plist in Resources */ = {isa = PBXBuildFile; fileRef = 389F81C320479CE400306DF4 /* GoogleService-Info.plist */; };
		5A009DCB1D7AA01A02DF3BCC /* Pods_MZReader.framework in Frameworks */ = {isa = PBXBuildFile; fileRef = 146165B8B6CA267560D2FB24 /* Pods_MZReader.framework */; };
		AA129E513593685FF06DBD7A /* Pods_MZReaderUITests.framework in Frameworks */ = {isa = PBXBuildFile; fileRef = 4977F68B4BB0D0B708F668EB /* Pods_MZReaderUITests.framework */; };
		E925A3BC0C7A762355A925E6 /* Pods_MZReaderTests.framework in Frameworks */ = {isa = PBXBuildFile; fileRef = 05D610223388B606DA00C0CE /* Pods_MZReaderTests.framework */; };
/* End PBXBuildFile section */

/* Begin PBXContainerItemProxy section */
		3866F6421CD4E65800D87076 /* PBXContainerItemProxy */ = {
			isa = PBXContainerItemProxy;
			containerPortal = 3866F6251CD4E65800D87076 /* Project object */;
			proxyType = 1;
			remoteGlobalIDString = 3866F62C1CD4E65800D87076;
			remoteInfo = MZReader;
		};
		3866F64D1CD4E65800D87076 /* PBXContainerItemProxy */ = {
			isa = PBXContainerItemProxy;
			containerPortal = 3866F6251CD4E65800D87076 /* Project object */;
			proxyType = 1;
			remoteGlobalIDString = 3866F62C1CD4E65800D87076;
			remoteInfo = MZReader;
		};
/* End PBXContainerItemProxy section */

/* Begin PBXFileReference section */
		05D610223388B606DA00C0CE /* Pods_MZReaderTests.framework */ = {isa = PBXFileReference; explicitFileType = wrapper.framework; includeInIndex = 0; path = Pods_MZReaderTests.framework; sourceTree = BUILT_PRODUCTS_DIR; };
		146165B8B6CA267560D2FB24 /* Pods_MZReader.framework */ = {isa = PBXFileReference; explicitFileType = wrapper.framework; includeInIndex = 0; path = Pods_MZReader.framework; sourceTree = BUILT_PRODUCTS_DIR; };
		210CCE20ECC652E8CA30D36B /* Pods-MZReaderTests.release.xcconfig */ = {isa = PBXFileReference; includeInIndex = 1; lastKnownFileType = text.xcconfig; name = "Pods-MZReaderTests.release.xcconfig"; path = "Pods/Target Support Files/Pods-MZReaderTests/Pods-MZReaderTests.release.xcconfig"; sourceTree = "<group>"; };
		2304964B814D0CA6E23005C9 /* Pods-MZReaderUITests.debug.xcconfig */ = {isa = PBXFileReference; includeInIndex = 1; lastKnownFileType = text.xcconfig; name = "Pods-MZReaderUITests.debug.xcconfig"; path = "Pods/Target Support Files/Pods-MZReaderUITests/Pods-MZReaderUITests.debug.xcconfig"; sourceTree = "<group>"; };
		3866F62D1CD4E65800D87076 /* MZReader.app */ = {isa = PBXFileReference; explicitFileType = wrapper.application; includeInIndex = 0; path = MZReader.app; sourceTree = BUILT_PRODUCTS_DIR; };
		3866F6301CD4E65800D87076 /* AppDelegate.swift */ = {isa = PBXFileReference; lastKnownFileType = sourcecode.swift; path = AppDelegate.swift; sourceTree = "<group>"; };
		3866F6321CD4E65800D87076 /* ViewController.swift */ = {isa = PBXFileReference; lastKnownFileType = sourcecode.swift; path = ViewController.swift; sourceTree = "<group>"; };
		3866F6351CD4E65800D87076 /* Base */ = {isa = PBXFileReference; lastKnownFileType = file.storyboard; name = Base; path = Base.lproj/Main.storyboard; sourceTree = "<group>"; };
		3866F6371CD4E65800D87076 /* Assets.xcassets */ = {isa = PBXFileReference; lastKnownFileType = folder.assetcatalog; path = Assets.xcassets; sourceTree = "<group>"; };
		3866F63A1CD4E65800D87076 /* Base */ = {isa = PBXFileReference; lastKnownFileType = file.storyboard; name = Base; path = Base.lproj/LaunchScreen.storyboard; sourceTree = "<group>"; };
		3866F63C1CD4E65800D87076 /* Info.plist */ = {isa = PBXFileReference; lastKnownFileType = text.plist.xml; path = Info.plist; sourceTree = "<group>"; };
		3866F6411CD4E65800D87076 /* MZReader.xctest */ = {isa = PBXFileReference; explicitFileType = wrapper.cfbundle; includeInIndex = 0; path = MZReader.xctest; sourceTree = BUILT_PRODUCTS_DIR; };
		3866F6451CD4E65800D87076 /* MZReaderTests.swift */ = {isa = PBXFileReference; lastKnownFileType = sourcecode.swift; path = MZReaderTests.swift; sourceTree = "<group>"; };
		3866F6471CD4E65800D87076 /* Info.plist */ = {isa = PBXFileReference; lastKnownFileType = text.plist.xml; path = Info.plist; sourceTree = "<group>"; };
		3866F64C1CD4E65800D87076 /* MZReader.xctest */ = {isa = PBXFileReference; explicitFileType = wrapper.cfbundle; includeInIndex = 0; path = MZReader.xctest; sourceTree = BUILT_PRODUCTS_DIR; };
		3866F6501CD4E65800D87076 /* MZReaderUITests.swift */ = {isa = PBXFileReference; lastKnownFileType = sourcecode.swift; path = MZReaderUITests.swift; sourceTree = "<group>"; };
		3866F6521CD4E65800D87076 /* Info.plist */ = {isa = PBXFileReference; lastKnownFileType = text.plist.xml; path = Info.plist; sourceTree = "<group>"; };
		3866F6781CD514A600D87076 /* Item.swift */ = {isa = PBXFileReference; fileEncoding = 4; lastKnownFileType = sourcecode.swift; path = Item.swift; sourceTree = "<group>"; };
		389C11A31CEFDC8200CB6164 /* WebViewController.swift */ = {isa = PBXFileReference; fileEncoding = 4; lastKnownFileType = sourcecode.swift; path = WebViewController.swift; sourceTree = "<group>"; };
		389F81BB2046A06B00306DF4 /* Foundation.framework */ = {isa = PBXFileReference; lastKnownFileType = wrapper.framework; name = Foundation.framework; path = System/Library/Frameworks/Foundation.framework; sourceTree = SDKROOT; };
		389F81C320479CE400306DF4 /* GoogleService-Info.plist */ = {isa = PBXFileReference; fileEncoding = 4; lastKnownFileType = text.plist.xml; path = "GoogleService-Info.plist"; sourceTree = "<group>"; };
		4419CE4033EF3B7A6236BB89 /* Pods-MZReader.release.xcconfig */ = {isa = PBXFileReference; includeInIndex = 1; lastKnownFileType = text.xcconfig; name = "Pods-MZReader.release.xcconfig"; path = "Pods/Target Support Files/Pods-MZReader/Pods-MZReader.release.xcconfig"; sourceTree = "<group>"; };
		4977F68B4BB0D0B708F668EB /* Pods_MZReaderUITests.framework */ = {isa = PBXFileReference; explicitFileType = wrapper.framework; includeInIndex = 0; path = Pods_MZReaderUITests.framework; sourceTree = BUILT_PRODUCTS_DIR; };
		79C08B5FC17B85460194E59D /* Pods-MZReaderTests.debug.xcconfig */ = {isa = PBXFileReference; includeInIndex = 1; lastKnownFileType = text.xcconfig; name = "Pods-MZReaderTests.debug.xcconfig"; path = "Pods/Target Support Files/Pods-MZReaderTests/Pods-MZReaderTests.debug.xcconfig"; sourceTree = "<group>"; };
		A2B257AAF048D16C3A6CD5CC /* Pods-MZReader.debug.xcconfig */ = {isa = PBXFileReference; includeInIndex = 1; lastKnownFileType = text.xcconfig; name = "Pods-MZReader.debug.xcconfig"; path = "Pods/Target Support Files/Pods-MZReader/Pods-MZReader.debug.xcconfig"; sourceTree = "<group>"; };
		E732FF20FDB639DAE1B8B82E /* Pods-MZReaderUITests.release.xcconfig */ = {isa = PBXFileReference; includeInIndex = 1; lastKnownFileType = text.xcconfig; name = "Pods-MZReaderUITests.release.xcconfig"; path = "Pods/Target Support Files/Pods-MZReaderUITests/Pods-MZReaderUITests.release.xcconfig"; sourceTree = "<group>"; };
/* End PBXFileReference section */

/* Begin PBXFrameworksBuildPhase section */
		3866F62A1CD4E65800D87076 /* Frameworks */ = {
			isa = PBXFrameworksBuildPhase;
			buildActionMask = 2147483647;
			files = (
				389F81BC2046A06B00306DF4 /* Foundation.framework in Frameworks */,
				5A009DCB1D7AA01A02DF3BCC /* Pods_MZReader.framework in Frameworks */,
			);
			runOnlyForDeploymentPostprocessing = 0;
		};
		3866F63E1CD4E65800D87076 /* Frameworks */ = {
			isa = PBXFrameworksBuildPhase;
			buildActionMask = 2147483647;
			files = (
				E925A3BC0C7A762355A925E6 /* Pods_MZReaderTests.framework in Frameworks */,
			);
			runOnlyForDeploymentPostprocessing = 0;
		};
		3866F6491CD4E65800D87076 /* Frameworks */ = {
			isa = PBXFrameworksBuildPhase;
			buildActionMask = 2147483647;
			files = (
				AA129E513593685FF06DBD7A /* Pods_MZReaderUITests.framework in Frameworks */,
			);
			runOnlyForDeploymentPostprocessing = 0;
		};
/* End PBXFrameworksBuildPhase section */

/* Begin PBXGroup section */
		3866F6241CD4E65800D87076 = {
			isa = PBXGroup;
			children = (
				3866F62F1CD4E65800D87076 /* MZReader */,
				3866F6441CD4E65800D87076 /* MZReaderTests */,
				3866F64F1CD4E65800D87076 /* MZReaderUITests */,
				3866F62E1CD4E65800D87076 /* Products */,
				83E5E611946ECA42294B07F8 /* Pods */,
				CBEFE5128532AC07DCE6E00B /* Frameworks */,
			);
			sourceTree = "<group>";
		};
		3866F62E1CD4E65800D87076 /* Products */ = {
			isa = PBXGroup;
			children = (
				3866F62D1CD4E65800D87076 /* MZReader.app */,
				3866F6411CD4E65800D87076 /* MZReader.xctest */,
				3866F64C1CD4E65800D87076 /* MZReader.xctest */,
			);
			name = Products;
			sourceTree = "<group>";
		};
		3866F62F1CD4E65800D87076 /* MZReader */ = {
			isa = PBXGroup;
			children = (
				3866F6301CD4E65800D87076 /* AppDelegate.swift */,
				3866F6321CD4E65800D87076 /* ViewController.swift */,
				3866F6781CD514A600D87076 /* Item.swift */,
				3866F6341CD4E65800D87076 /* Main.storyboard */,
				389C11A31CEFDC8200CB6164 /* WebViewController.swift */,
				3866F6371CD4E65800D87076 /* Assets.xcassets */,
				3866F6391CD4E65800D87076 /* LaunchScreen.storyboard */,
				3866F63C1CD4E65800D87076 /* Info.plist */,
				389F81C320479CE400306DF4 /* GoogleService-Info.plist */,
			);
			path = MZReader;
			sourceTree = "<group>";
		};
		3866F6441CD4E65800D87076 /* MZReaderTests */ = {
			isa = PBXGroup;
			children = (
				3866F6451CD4E65800D87076 /* MZReaderTests.swift */,
				3866F6471CD4E65800D87076 /* Info.plist */,
			);
			path = MZReaderTests;
			sourceTree = "<group>";
		};
		3866F64F1CD4E65800D87076 /* MZReaderUITests */ = {
			isa = PBXGroup;
			children = (
				3866F6501CD4E65800D87076 /* MZReaderUITests.swift */,
				3866F6521CD4E65800D87076 /* Info.plist */,
			);
			path = MZReaderUITests;
			sourceTree = "<group>";
		};
		83E5E611946ECA42294B07F8 /* Pods */ = {
			isa = PBXGroup;
			children = (
				A2B257AAF048D16C3A6CD5CC /* Pods-MZReader.debug.xcconfig */,
				4419CE4033EF3B7A6236BB89 /* Pods-MZReader.release.xcconfig */,
				79C08B5FC17B85460194E59D /* Pods-MZReaderTests.debug.xcconfig */,
				210CCE20ECC652E8CA30D36B /* Pods-MZReaderTests.release.xcconfig */,
				2304964B814D0CA6E23005C9 /* Pods-MZReaderUITests.debug.xcconfig */,
				E732FF20FDB639DAE1B8B82E /* Pods-MZReaderUITests.release.xcconfig */,
			);
			name = Pods;
			sourceTree = "<group>";
		};
		CBEFE5128532AC07DCE6E00B /* Frameworks */ = {
			isa = PBXGroup;
			children = (
				389F81BB2046A06B00306DF4 /* Foundation.framework */,
				146165B8B6CA267560D2FB24 /* Pods_MZReader.framework */,
				05D610223388B606DA00C0CE /* Pods_MZReaderTests.framework */,
				4977F68B4BB0D0B708F668EB /* Pods_MZReaderUITests.framework */,
			);
			name = Frameworks;
			sourceTree = "<group>";
		};
/* End PBXGroup section */

/* Begin PBXNativeTarget section */
		3866F62C1CD4E65800D87076 /* MZReader */ = {
			isa = PBXNativeTarget;
			buildConfigurationList = 3866F6551CD4E65800D87076 /* Build configuration list for PBXNativeTarget "MZReader" */;
			buildPhases = (
				C2E5DF8882F6DB3897DFE37A /* [CP] Check Pods Manifest.lock */,
				3866F6291CD4E65800D87076 /* Sources */,
				3866F62A1CD4E65800D87076 /* Frameworks */,
				3866F62B1CD4E65800D87076 /* Resources */,
				25B435C91A41E83593B15208 /* [CP] Embed Pods Frameworks */,
			);
			buildRules = (
			);
			dependencies = (
			);
			name = MZReader;
			productName = MZReader;
			productReference = 3866F62D1CD4E65800D87076 /* MZReader.app */;
			productType = "com.apple.product-type.application";
		};
		3866F6401CD4E65800D87076 /* MZReaderTests */ = {
			isa = PBXNativeTarget;
			buildConfigurationList = 3866F6581CD4E65800D87076 /* Build configuration list for PBXNativeTarget "MZReaderTests" */;
			buildPhases = (
				84C1A98A101C2D0B188C82B2 /* [CP] Check Pods Manifest.lock */,
				3866F63D1CD4E65800D87076 /* Sources */,
				3866F63E1CD4E65800D87076 /* Frameworks */,
				3866F63F1CD4E65800D87076 /* Resources */,
			);
			buildRules = (
			);
			dependencies = (
				3866F6431CD4E65800D87076 /* PBXTargetDependency */,
			);
			name = MZReaderTests;
			productName = MZReaderTests;
			productReference = 3866F6411CD4E65800D87076 /* MZReader.xctest */;
			productType = "com.apple.product-type.bundle.unit-test";
		};
		3866F64B1CD4E65800D87076 /* MZReaderUITests */ = {
			isa = PBXNativeTarget;
			buildConfigurationList = 3866F65B1CD4E65800D87076 /* Build configuration list for PBXNativeTarget "MZReaderUITests" */;
			buildPhases = (
				7A819E08C720233882CB4CC6 /* [CP] Check Pods Manifest.lock */,
				3866F6481CD4E65800D87076 /* Sources */,
				3866F6491CD4E65800D87076 /* Frameworks */,
				3866F64A1CD4E65800D87076 /* Resources */,
			);
			buildRules = (
			);
			dependencies = (
				3866F64E1CD4E65800D87076 /* PBXTargetDependency */,
			);
			name = MZReaderUITests;
			productName = MZReaderUITests;
			productReference = 3866F64C1CD4E65800D87076 /* MZReader.xctest */;
			productType = "com.apple.product-type.bundle.ui-testing";
		};
/* End PBXNativeTarget section */

/* Begin PBXProject section */
		3866F6251CD4E65800D87076 /* Project object */ = {
			isa = PBXProject;
			attributes = {
				LastSwiftUpdateCheck = 0730;
				LastUpgradeCheck = 0730;
				ORGANIZATIONNAME = shinjukujohnny;
				TargetAttributes = {
					3866F62C1CD4E65800D87076 = {
						CreatedOnToolsVersion = 7.3;
						DevelopmentTeam = 5429CA762T;
						LastSwiftMigration = 0830;
					};
					3866F6401CD4E65800D87076 = {
						CreatedOnToolsVersion = 7.3;
						LastSwiftMigration = 0830;
						TestTargetID = 3866F62C1CD4E65800D87076;
					};
					3866F64B1CD4E65800D87076 = {
						CreatedOnToolsVersion = 7.3;
						LastSwiftMigration = 0830;
						TestTargetID = 3866F62C1CD4E65800D87076;
					};
				};
			};
			buildConfigurationList = 3866F6281CD4E65800D87076 /* Build configuration list for PBXProject "MZReader" */;
			compatibilityVersion = "Xcode 3.2";
			developmentRegion = English;
			hasScannedForEncodings = 0;
			knownRegions = (
				en,
				Base,
			);
			mainGroup = 3866F6241CD4E65800D87076;
			productRefGroup = 3866F62E1CD4E65800D87076 /* Products */;
			projectDirPath = "";
			projectRoot = "";
			targets = (
				3866F62C1CD4E65800D87076 /* MZReader */,
				3866F6401CD4E65800D87076 /* MZReaderTests */,
				3866F64B1CD4E65800D87076 /* MZReaderUITests */,
			);
		};
/* End PBXProject section */

/* Begin PBXResourcesBuildPhase section */
		3866F62B1CD4E65800D87076 /* Resources */ = {
			isa = PBXResourcesBuildPhase;
			buildActionMask = 2147483647;
			files = (
				389C11A51CEFEE3C00CB6164 /* Main.storyboard in Resources */,
				389F81C420479CE400306DF4 /* GoogleService-Info.plist in Resources */,
				3866F63B1CD4E65800D87076 /* LaunchScreen.storyboard in Resources */,
				3866F6381CD4E65800D87076 /* Assets.xcassets in Resources */,
			);
			runOnlyForDeploymentPostprocessing = 0;
		};
		3866F63F1CD4E65800D87076 /* Resources */ = {
			isa = PBXResourcesBuildPhase;
			buildActionMask = 2147483647;
			files = (
			);
			runOnlyForDeploymentPostprocessing = 0;
		};
		3866F64A1CD4E65800D87076 /* Resources */ = {
			isa = PBXResourcesBuildPhase;
			buildActionMask = 2147483647;
			files = (
			);
			runOnlyForDeploymentPostprocessing = 0;
		};
/* End PBXResourcesBuildPhase section */

/* Begin PBXShellScriptBuildPhase section */
		25B435C91A41E83593B15208 /* [CP] Embed Pods Frameworks */ = {
			isa = PBXShellScriptBuildPhase;
			buildActionMask = 2147483647;
			files = (
			);
			inputPaths = (
				"${SRCROOT}/Pods/Target Support Files/Pods-MZReader/Pods-MZReader-frameworks.sh",
				"${BUILT_PRODUCTS_DIR}/Adjust/Adjust.framework",
				"${BUILT_PRODUCTS_DIR}/GoogleToolboxForMac/GoogleToolboxForMac.framework",
			);
			name = "[CP] Embed Pods Frameworks";
			outputPaths = (
				"${TARGET_BUILD_DIR}/${FRAMEWORKS_FOLDER_PATH}/Adjust.framework",
				"${TARGET_BUILD_DIR}/${FRAMEWORKS_FOLDER_PATH}/GoogleToolboxForMac.framework",
			);
			runOnlyForDeploymentPostprocessing = 0;
			shellPath = /bin/sh;
			shellScript = "\"${SRCROOT}/Pods/Target Support Files/Pods-MZReader/Pods-MZReader-frameworks.sh\"\n";
			showEnvVarsInLog = 0;
		};
		7A819E08C720233882CB4CC6 /* [CP] Check Pods Manifest.lock */ = {
			isa = PBXShellScriptBuildPhase;
			buildActionMask = 2147483647;
			files = (
			);
			inputPaths = (
				"${PODS_PODFILE_DIR_PATH}/Podfile.lock",
				"${PODS_ROOT}/Manifest.lock",
			);
			name = "[CP] Check Pods Manifest.lock";
			outputPaths = (
				"$(DERIVED_FILE_DIR)/Pods-MZReaderUITests-checkManifestLockResult.txt",
			);
			runOnlyForDeploymentPostprocessing = 0;
			shellPath = /bin/sh;
			shellScript = "diff \"${PODS_PODFILE_DIR_PATH}/Podfile.lock\" \"${PODS_ROOT}/Manifest.lock\" > /dev/null\nif [ $? != 0 ] ; then\n    # print error to STDERR\n    echo \"error: The sandbox is not in sync with the Podfile.lock. Run 'pod install' or update your CocoaPods installation.\" >&2\n    exit 1\nfi\n# This output is used by Xcode 'outputs' to avoid re-running this script phase.\necho \"SUCCESS\" > \"${SCRIPT_OUTPUT_FILE_0}\"\n";
			showEnvVarsInLog = 0;
		};
		84C1A98A101C2D0B188C82B2 /* [CP] Check Pods Manifest.lock */ = {
			isa = PBXShellScriptBuildPhase;
			buildActionMask = 2147483647;
			files = (
			);
			inputPaths = (
				"${PODS_PODFILE_DIR_PATH}/Podfile.lock",
				"${PODS_ROOT}/Manifest.lock",
			);
			name = "[CP] Check Pods Manifest.lock";
			outputPaths = (
				"$(DERIVED_FILE_DIR)/Pods-MZReaderTests-checkManifestLockResult.txt",
			);
			runOnlyForDeploymentPostprocessing = 0;
			shellPath = /bin/sh;
			shellScript = "diff \"${PODS_PODFILE_DIR_PATH}/Podfile.lock\" \"${PODS_ROOT}/Manifest.lock\" > /dev/null\nif [ $? != 0 ] ; then\n    # print error to STDERR\n    echo \"error: The sandbox is not in sync with the Podfile.lock. Run 'pod install' or update your CocoaPods installation.\" >&2\n    exit 1\nfi\n# This output is used by Xcode 'outputs' to avoid re-running this script phase.\necho \"SUCCESS\" > \"${SCRIPT_OUTPUT_FILE_0}\"\n";
			showEnvVarsInLog = 0;
		};
		C2E5DF8882F6DB3897DFE37A /* [CP] Check Pods Manifest.lock */ = {
			isa = PBXShellScriptBuildPhase;
			buildActionMask = 2147483647;
			files = (
			);
			inputPaths = (
				"${PODS_PODFILE_DIR_PATH}/Podfile.lock",
				"${PODS_ROOT}/Manifest.lock",
			);
			name = "[CP] Check Pods Manifest.lock";
			outputPaths = (
				"$(DERIVED_FILE_DIR)/Pods-MZReader-checkManifestLockResult.txt",
			);
			runOnlyForDeploymentPostprocessing = 0;
			shellPath = /bin/sh;
			shellScript = "diff \"${PODS_PODFILE_DIR_PATH}/Podfile.lock\" \"${PODS_ROOT}/Manifest.lock\" > /dev/null\nif [ $? != 0 ] ; then\n    # print error to STDERR\n    echo \"error: The sandbox is not in sync with the Podfile.lock. Run 'pod install' or update your CocoaPods installation.\" >&2\n    exit 1\nfi\n# This output is used by Xcode 'outputs' to avoid re-running this script phase.\necho \"SUCCESS\" > \"${SCRIPT_OUTPUT_FILE_0}\"\n";
			showEnvVarsInLog = 0;
		};
/* End PBXShellScriptBuildPhase section */

/* Begin PBXSourcesBuildPhase section */
		3866F6291CD4E65800D87076 /* Sources */ = {
			isa = PBXSourcesBuildPhase;
			buildActionMask = 2147483647;
			files = (
				3866F6331CD4E65800D87076 /* ViewController.swift in Sources */,
				3866F6791CD514A600D87076 /* Item.swift in Sources */,
				3866F6311CD4E65800D87076 /* AppDelegate.swift in Sources */,
				389C11A41CEFDC8200CB6164 /* WebViewController.swift in Sources */,
			);
			runOnlyForDeploymentPostprocessing = 0;
		};
		3866F63D1CD4E65800D87076 /* Sources */ = {
			isa = PBXSourcesBuildPhase;
			buildActionMask = 2147483647;
			files = (
				3866F6461CD4E65800D87076 /* MZReaderTests.swift in Sources */,
			);
			runOnlyForDeploymentPostprocessing = 0;
		};
		3866F6481CD4E65800D87076 /* Sources */ = {
			isa = PBXSourcesBuildPhase;
			buildActionMask = 2147483647;
			files = (
				3866F6511CD4E65800D87076 /* MZReaderUITests.swift in Sources */,
			);
			runOnlyForDeploymentPostprocessing = 0;
		};
/* End PBXSourcesBuildPhase section */

/* Begin PBXTargetDependency section */
		3866F6431CD4E65800D87076 /* PBXTargetDependency */ = {
			isa = PBXTargetDependency;
			target = 3866F62C1CD4E65800D87076 /* MZReader */;
			targetProxy = 3866F6421CD4E65800D87076 /* PBXContainerItemProxy */;
		};
		3866F64E1CD4E65800D87076 /* PBXTargetDependency */ = {
			isa = PBXTargetDependency;
			target = 3866F62C1CD4E65800D87076 /* MZReader */;
			targetProxy = 3866F64D1CD4E65800D87076 /* PBXContainerItemProxy */;
		};
/* End PBXTargetDependency section */

/* Begin PBXVariantGroup section */
		3866F6341CD4E65800D87076 /* Main.storyboard */ = {
			isa = PBXVariantGroup;
			children = (
				3866F6351CD4E65800D87076 /* Base */,
			);
			name = Main.storyboard;
			sourceTree = "<group>";
		};
		3866F6391CD4E65800D87076 /* LaunchScreen.storyboard */ = {
			isa = PBXVariantGroup;
			children = (
				3866F63A1CD4E65800D87076 /* Base */,
			);
			name = LaunchScreen.storyboard;
			sourceTree = "<group>";
		};
/* End PBXVariantGroup section */

/* Begin XCBuildConfiguration section */
		3866F6531CD4E65800D87076 /* Debug */ = {
			isa = XCBuildConfiguration;
			buildSettings = {
				ALWAYS_SEARCH_USER_PATHS = NO;
				CLANG_ANALYZER_NONNULL = YES;
				CLANG_CXX_LANGUAGE_STANDARD = "gnu++0x";
				CLANG_CXX_LIBRARY = "libc++";
				CLANG_ENABLE_MODULES = YES;
				CLANG_ENABLE_OBJC_ARC = YES;
				CLANG_WARN_BOOL_CONVERSION = YES;
				CLANG_WARN_CONSTANT_CONVERSION = YES;
				CLANG_WARN_DIRECT_OBJC_ISA_USAGE = YES_ERROR;
				CLANG_WARN_EMPTY_BODY = YES;
				CLANG_WARN_ENUM_CONVERSION = YES;
				CLANG_WARN_INT_CONVERSION = YES;
				CLANG_WARN_OBJC_ROOT_CLASS = YES_ERROR;
				CLANG_WARN_UNREACHABLE_CODE = YES;
				CLANG_WARN__DUPLICATE_METHOD_MATCH = YES;
				"CODE_SIGN_IDENTITY[sdk=iphoneos*]" = "iPhone Developer";
				COPY_PHASE_STRIP = NO;
				DEBUG_INFORMATION_FORMAT = dwarf;
				ENABLE_STRICT_OBJC_MSGSEND = YES;
				ENABLE_TESTABILITY = YES;
				GCC_C_LANGUAGE_STANDARD = gnu99;
				GCC_DYNAMIC_NO_PIC = NO;
				GCC_NO_COMMON_BLOCKS = YES;
				GCC_OPTIMIZATION_LEVEL = 0;
				GCC_PREPROCESSOR_DEFINITIONS = (
					"DEBUG=1",
					"$(inherited)",
				);
				GCC_WARN_64_TO_32_BIT_CONVERSION = YES;
				GCC_WARN_ABOUT_RETURN_TYPE = YES_ERROR;
				GCC_WARN_UNDECLARED_SELECTOR = YES;
				GCC_WARN_UNINITIALIZED_AUTOS = YES_AGGRESSIVE;
				GCC_WARN_UNUSED_FUNCTION = YES;
				GCC_WARN_UNUSED_VARIABLE = YES;
				IPHONEOS_DEPLOYMENT_TARGET = 9.3;
				MTL_ENABLE_DEBUG_INFO = YES;
				ONLY_ACTIVE_ARCH = YES;
				SDKROOT = iphoneos;
				SWIFT_OPTIMIZATION_LEVEL = "-Onone";
			};
			name = Debug;
		};
		3866F6541CD4E65800D87076 /* Release */ = {
			isa = XCBuildConfiguration;
			buildSettings = {
				ALWAYS_SEARCH_USER_PATHS = NO;
				CLANG_ANALYZER_NONNULL = YES;
				CLANG_CXX_LANGUAGE_STANDARD = "gnu++0x";
				CLANG_CXX_LIBRARY = "libc++";
				CLANG_ENABLE_MODULES = YES;
				CLANG_ENABLE_OBJC_ARC = YES;
				CLANG_WARN_BOOL_CONVERSION = YES;
				CLANG_WARN_CONSTANT_CONVERSION = YES;
				CLANG_WARN_DIRECT_OBJC_ISA_USAGE = YES_ERROR;
				CLANG_WARN_EMPTY_BODY = YES;
				CLANG_WARN_ENUM_CONVERSION = YES;
				CLANG_WARN_INT_CONVERSION = YES;
				CLANG_WARN_OBJC_ROOT_CLASS = YES_ERROR;
				CLANG_WARN_UNREACHABLE_CODE = YES;
				CLANG_WARN__DUPLICATE_METHOD_MATCH = YES;
				"CODE_SIGN_IDENTITY[sdk=iphoneos*]" = "iPhone Developer";
				COPY_PHASE_STRIP = NO;
				DEBUG_INFORMATION_FORMAT = "dwarf-with-dsym";
				ENABLE_NS_ASSERTIONS = NO;
				ENABLE_STRICT_OBJC_MSGSEND = YES;
				GCC_C_LANGUAGE_STANDARD = gnu99;
				GCC_NO_COMMON_BLOCKS = YES;
				GCC_WARN_64_TO_32_BIT_CONVERSION = YES;
				GCC_WARN_ABOUT_RETURN_TYPE = YES_ERROR;
				GCC_WARN_UNDECLARED_SELECTOR = YES;
				GCC_WARN_UNINITIALIZED_AUTOS = YES_AGGRESSIVE;
				GCC_WARN_UNUSED_FUNCTION = YES;
				GCC_WARN_UNUSED_VARIABLE = YES;
				IPHONEOS_DEPLOYMENT_TARGET = 9.3;
				MTL_ENABLE_DEBUG_INFO = NO;
				SDKROOT = iphoneos;
				VALIDATE_PRODUCT = YES;
			};
			name = Release;
		};
		3866F6561CD4E65800D87076 /* Debug */ = {
			isa = XCBuildConfiguration;
			baseConfigurationReference = A2B257AAF048D16C3A6CD5CC /* Pods-MZReader.debug.xcconfig */;
			buildSettings = {
				ASSETCATALOG_COMPILER_APPICON_NAME = AppIcon;
				DEVELOPMENT_TEAM = 5429CA762T;
				INFOPLIST_FILE = MZReader/Info.plist;
				LD_RUNPATH_SEARCH_PATHS = "$(inherited) @executable_path/Frameworks";
				PRODUCT_BUNDLE_IDENTIFIER = com.shinjukujohnny.MZReader;
				PRODUCT_NAME = MZReader;
				SWIFT_VERSION = 3.0;
			};
			name = Debug;
		};
		3866F6571CD4E65800D87076 /* Release */ = {
			isa = XCBuildConfiguration;
			baseConfigurationReference = 4419CE4033EF3B7A6236BB89 /* Pods-MZReader.release.xcconfig */;
			buildSettings = {
				ASSETCATALOG_COMPILER_APPICON_NAME = AppIcon;
				DEVELOPMENT_TEAM = 5429CA762T;
				INFOPLIST_FILE = MZReader/Info.plist;
				LD_RUNPATH_SEARCH_PATHS = "$(inherited) @executable_path/Frameworks";
				PRODUCT_BUNDLE_IDENTIFIER = com.shinjukujohnny.MZReader;
				PRODUCT_NAME = MZReader;
				SWIFT_VERSION = 3.0;
			};
			name = Release;
		};
		3866F6591CD4E65800D87076 /* Debug */ = {
			isa = XCBuildConfiguration;
			baseConfigurationReference = 79C08B5FC17B85460194E59D /* Pods-MZReaderTests.debug.xcconfig */;
			buildSettings = {
				BUNDLE_LOADER = "$(TEST_HOST)";
				INFOPLIST_FILE = MZReaderTests/Info.plist;
				LD_RUNPATH_SEARCH_PATHS = "$(inherited) @executable_path/Frameworks @loader_path/Frameworks";
				PRODUCT_BUNDLE_IDENTIFIER = com.shinjukujohnny.MZReaderTests;
				PRODUCT_NAME = MZReader;
				SWIFT_VERSION = 3.0;
				TEST_HOST = "$(BUILT_PRODUCTS_DIR)/MZReader.app/MZReader";
			};
			name = Debug;
		};
		3866F65A1CD4E65800D87076 /* Release */ = {
			isa = XCBuildConfiguration;
			baseConfigurationReference = 210CCE20ECC652E8CA30D36B /* Pods-MZReaderTests.release.xcconfig */;
			buildSettings = {
				BUNDLE_LOADER = "$(TEST_HOST)";
				INFOPLIST_FILE = MZReaderTests/Info.plist;
				LD_RUNPATH_SEARCH_PATHS = "$(inherited) @executable_path/Frameworks @loader_path/Frameworks";
				PRODUCT_BUNDLE_IDENTIFIER = com.shinjukujohnny.MZReaderTests;
				PRODUCT_NAME = MZReader;
				SWIFT_VERSION = 3.0;
				TEST_HOST = "$(BUILT_PRODUCTS_DIR)/MZReader.app/MZReader";
			};
			name = Release;
		};
		3866F65C1CD4E65800D87076 /* Debug */ = {
			isa = XCBuildConfiguration;
			baseConfigurationReference = 2304964B814D0CA6E23005C9 /* Pods-MZReaderUITests.debug.xcconfig */;
			buildSettings = {
				INFOPLIST_FILE = MZReaderUITests/Info.plist;
				LD_RUNPATH_SEARCH_PATHS = "$(inherited) @executable_path/Frameworks @loader_path/Frameworks";
				PRODUCT_BUNDLE_IDENTIFIER = com.shinjukujohnny.MZReaderUITests;
				PRODUCT_NAME = MZReader;
				SWIFT_VERSION = 3.0;
				TEST_TARGET_NAME = MZReader;
			};
			name = Debug;
		};
		3866F65D1CD4E65800D87076 /* Release */ = {
			isa = XCBuildConfiguration;
			baseConfigurationReference = E732FF20FDB639DAE1B8B82E /* Pods-MZReaderUITests.release.xcconfig */;
			buildSettings = {
				INFOPLIST_FILE = MZReaderUITests/Info.plist;
				LD_RUNPATH_SEARCH_PATHS = "$(inherited) @executable_path/Frameworks @loader_path/Frameworks";
				PRODUCT_BUNDLE_IDENTIFIER = com.shinjukujohnny.MZReaderUITests;
				PRODUCT_NAME = MZReader;
				SWIFT_VERSION = 3.0;
				TEST_TARGET_NAME = MZReader;
			};
			name = Release;
		};
/* End XCBuildConfiguration section */

/* Begin XCConfigurationList section */
		3866F6281CD4E65800D87076 /* Build configuration list for PBXProject "MZReader" */ = {
			isa = XCConfigurationList;
			buildConfigurations = (
				3866F6531CD4E65800D87076 /* Debug */,
				3866F6541CD4E65800D87076 /* Release */,
			);
			defaultConfigurationIsVisible = 0;
			defaultConfigurationName = Release;
		};
		3866F6551CD4E65800D87076 /* Build configuration list for PBXNativeTarget "MZReader" */ = {
			isa = XCConfigurationList;
			buildConfigurations = (
				3866F6561CD4E65800D87076 /* Debug */,
				3866F6571CD4E65800D87076 /* Release */,
			);
			defaultConfigurationIsVisible = 0;
			defaultConfigurationName = Release;
		};
		3866F6581CD4E65800D87076 /* Build configuration list for PBXNativeTarget "MZReaderTests" */ = {
			isa = XCConfigurationList;
			buildConfigurations = (
				3866F6591CD4E65800D87076 /* Debug */,
				3866F65A1CD4E65800D87076 /* Release */,
			);
			defaultConfigurationIsVisible = 0;
			defaultConfigurationName = Release;
		};
		3866F65B1CD4E65800D87076 /* Build configuration list for PBXNativeTarget "MZReaderUITests" */ = {
			isa = XCConfigurationList;
			buildConfigurations = (
				3866F65C1CD4E65800D87076 /* Debug */,
				3866F65D1CD4E65800D87076 /* Release */,
			);
			defaultConfigurationIsVisible = 0;
			defaultConfigurationName = Release;
		};
/* End XCConfigurationList section */
	};
	rootObject = 3866F6251CD4E65800D87076 /* Project object */;
}
